
Microsoft Visual Studio Solution File, Format Version 12.00
# Visual Studio Version 16
VisualStudioVersion = 16.0.30309.148
MinimumVisualStudioVersion = 10.0.40219.1
Project("{FAE04EC0-301F-11D3-BF4B-00C04F79EFBC}") = "01_Aula_15", "01_Aula_15\01_Aula_15.csproj", "{10D0CB84-FBC3-4FA9-B80A-942F1792BC09}"
EndProject
Global
	GlobalSection(SolutionConfigurationPlatforms) = preSolution
		Debug|Any CPU = Debug|Any CPU
		Release|Any CPU = Release|Any CPU
	EndGlobalSection
	GlobalSection(ProjectConfigurationPlatforms) = postSolution
		{10D0CB84-FBC3-4FA9-B80A-942F1792BC09}.Debug|Any CPU.ActiveCfg = Debug|Any CPU
		{10D0CB84-FBC3-4FA9-B80A-942F1792BC09}.Debug|Any CPU.Build.0 = Debug|Any CPU
		{10D0CB84-FBC3-4FA9-B80A-942F1792BC09}.Release|Any CPU.ActiveCfg = Release|Any CPU
		{10D0CB84-FBC3-4FA9-B80A-942F1792BC09}.Release|Any CPU.Build.0 = Release|Any CPU
	EndGlobalSection
	GlobalSection(SolutionProperties) = preSolution
		HideSolutionNode = FALSE
	EndGlobalSection
	GlobalSection(ExtensibilityGlobals) = postSolution
		SolutionGuid = {85DE5F2A-F593-40BC-9733-F0D9876C1BE0}
	EndGlobalSection
EndGlobal
