
Microsoft Visual Studio Solution File, Format Version 12.00
# Visual Studio Version 16
VisualStudioVersion = 16.0.30309.148
MinimumVisualStudioVersion = 10.0.40219.1
Project("{FAE04EC0-301F-11D3-BF4B-00C04F79EFBC}") = "05_Aula_19", "05_Aula_19\05_Aula_19.csproj", "{543AD928-9C21-4763-A2DB-8FC3A49115FF}"
EndProject
Global
	GlobalSection(SolutionConfigurationPlatforms) = preSolution
		Debug|Any CPU = Debug|Any CPU
		Release|Any CPU = Release|Any CPU
	EndGlobalSection
	GlobalSection(ProjectConfigurationPlatforms) = postSolution
		{543AD928-9C21-4763-A2DB-8FC3A49115FF}.Debug|Any CPU.ActiveCfg = Debug|Any CPU
		{543AD928-9C21-4763-A2DB-8FC3A49115FF}.Debug|Any CPU.Build.0 = Debug|Any CPU
		{543AD928-9C21-4763-A2DB-8FC3A49115FF}.Release|Any CPU.ActiveCfg = Release|Any CPU
		{543AD928-9C21-4763-A2DB-8FC3A49115FF}.Release|Any CPU.Build.0 = Release|Any CPU
	EndGlobalSection
	GlobalSection(SolutionProperties) = preSolution
		HideSolutionNode = FALSE
	EndGlobalSection
	GlobalSection(ExtensibilityGlobals) = postSolution
		SolutionGuid = {C31EFAB6-E6A6-4F6D-934A-D0F9B2E8AE47}
	EndGlobalSection
EndGlobal
