
Microsoft Visual Studio Solution File, Format Version 12.00
# Visual Studio Version 16
VisualStudioVersion = 16.0.30309.148
MinimumVisualStudioVersion = 10.0.40219.1
Project("{FAE04EC0-301F-11D3-BF4B-00C04F79EFBC}") = "10_Aula_26", "10_Aula_26\10_Aula_26.csproj", "{DBDF4595-570A-4A87-BF0A-5EBC135AEE0E}"
EndProject
Global
	GlobalSection(SolutionConfigurationPlatforms) = preSolution
		Debug|Any CPU = Debug|Any CPU
		Release|Any CPU = Release|Any CPU
	EndGlobalSection
	GlobalSection(ProjectConfigurationPlatforms) = postSolution
		{DBDF4595-570A-4A87-BF0A-5EBC135AEE0E}.Debug|Any CPU.ActiveCfg = Debug|Any CPU
		{DBDF4595-570A-4A87-BF0A-5EBC135AEE0E}.Debug|Any CPU.Build.0 = Debug|Any CPU
		{DBDF4595-570A-4A87-BF0A-5EBC135AEE0E}.Release|Any CPU.ActiveCfg = Release|Any CPU
		{DBDF4595-570A-4A87-BF0A-5EBC135AEE0E}.Release|Any CPU.Build.0 = Release|Any CPU
	EndGlobalSection
	GlobalSection(SolutionProperties) = preSolution
		HideSolutionNode = FALSE
	EndGlobalSection
	GlobalSection(ExtensibilityGlobals) = postSolution
		SolutionGuid = {0907449C-1984-4FAC-A07A-5BD60FE6D898}
	EndGlobalSection
EndGlobal
