
Microsoft Visual Studio Solution File, Format Version 12.00
# Visual Studio Version 16
VisualStudioVersion = 16.0.30309.148
MinimumVisualStudioVersion = 10.0.40219.1
Project("{FAE04EC0-301F-11D3-BF4B-00C04F79EFBC}") = "03_Aula_18", "03_Aula_18\03_Aula_18.csproj", "{D1CEA81D-962A-44F5-941E-0AFF4BB07B6F}"
EndProject
Global
	GlobalSection(SolutionConfigurationPlatforms) = preSolution
		Debug|Any CPU = Debug|Any CPU
		Release|Any CPU = Release|Any CPU
	EndGlobalSection
	GlobalSection(ProjectConfigurationPlatforms) = postSolution
		{D1CEA81D-962A-44F5-941E-0AFF4BB07B6F}.Debug|Any CPU.ActiveCfg = Debug|Any CPU
		{D1CEA81D-962A-44F5-941E-0AFF4BB07B6F}.Debug|Any CPU.Build.0 = Debug|Any CPU
		{D1CEA81D-962A-44F5-941E-0AFF4BB07B6F}.Release|Any CPU.ActiveCfg = Release|Any CPU
		{D1CEA81D-962A-44F5-941E-0AFF4BB07B6F}.Release|Any CPU.Build.0 = Release|Any CPU
	EndGlobalSection
	GlobalSection(SolutionProperties) = preSolution
		HideSolutionNode = FALSE
	EndGlobalSection
	GlobalSection(ExtensibilityGlobals) = postSolution
		SolutionGuid = {B367CFD5-8705-4DD3-B66F-B621AF888540}
	EndGlobalSection
EndGlobal
