
Microsoft Visual Studio Solution File, Format Version 12.00
# Visual Studio Version 16
VisualStudioVersion = 16.0.30309.148
MinimumVisualStudioVersion = 10.0.40219.1
Project("{FAE04EC0-301F-11D3-BF4B-00C04F79EFBC}") = "02_Aula_18", "02_Aula_18\02_Aula_18.csproj", "{D8B19D5D-EF37-41F7-AEED-EF2363C89ACE}"
EndProject
Global
	GlobalSection(SolutionConfigurationPlatforms) = preSolution
		Debug|Any CPU = Debug|Any CPU
		Release|Any CPU = Release|Any CPU
	EndGlobalSection
	GlobalSection(ProjectConfigurationPlatforms) = postSolution
		{D8B19D5D-EF37-41F7-AEED-EF2363C89ACE}.Debug|Any CPU.ActiveCfg = Debug|Any CPU
		{D8B19D5D-EF37-41F7-AEED-EF2363C89ACE}.Debug|Any CPU.Build.0 = Debug|Any CPU
		{D8B19D5D-EF37-41F7-AEED-EF2363C89ACE}.Release|Any CPU.ActiveCfg = Release|Any CPU
		{D8B19D5D-EF37-41F7-AEED-EF2363C89ACE}.Release|Any CPU.Build.0 = Release|Any CPU
	EndGlobalSection
	GlobalSection(SolutionProperties) = preSolution
		HideSolutionNode = FALSE
	EndGlobalSection
	GlobalSection(ExtensibilityGlobals) = postSolution
		SolutionGuid = {9236E614-A28A-4D13-B97F-CAFBADD32EC6}
	EndGlobalSection
EndGlobal
